
Microsoft Visual Studio Solution File, Format Version 12.00
# Visual Studio Version 16
VisualStudioVersion = 16.0.31624.102
MinimumVisualStudioVersion = 10.0.40219.1
Project("{FAE04EC0-301F-11D3-BF4B-00C04F79EFBC}") = "RestaurantAPI", "RestaurantAPI\RestaurantAPI.csproj", "{CC8353AE-F0B7-4E03-AF6D-241E051ECFC0}"
EndProject
Global
	GlobalSection(SolutionConfigurationPlatforms) = preSolution
		Debug|Any CPU = Debug|Any CPU
		Release|Any CPU = Release|Any CPU
	EndGlobalSection
	GlobalSection(ProjectConfigurationPlatforms) = postSolution
		{CC8353AE-F0B7-4E03-AF6D-241E051ECFC0}.Debug|Any CPU.ActiveCfg = Debug|Any CPU
		{CC8353AE-F0B7-4E03-AF6D-241E051ECFC0}.Debug|Any CPU.Build.0 = Debug|Any CPU
		{CC8353AE-F0B7-4E03-AF6D-241E051ECFC0}.Release|Any CPU.ActiveCfg = Release|Any CPU
		{CC8353AE-F0B7-4E03-AF6D-241E051ECFC0}.Release|Any CPU.Build.0 = Release|Any CPU
	EndGlobalSection
	GlobalSection(SolutionProperties) = preSolution
		HideSolutionNode = FALSE
	EndGlobalSection
	GlobalSection(ExtensibilityGlobals) = postSolution
		SolutionGuid = {A71364E2-13FF-4FCC-B1DA-2D833D368079}
	EndGlobalSection
EndGlobal
